// !$*UTF8*$!
{
	archiveVersion = 1;
	classes = {
	};
	objectVersion = 56;
	objects = {

/* Begin PBXBuildFile section */
		B3E8DF632A15F63D0040371F /* programmable_wallet_sdk_ios_sampleApp.swift in Sources */ = {isa = PBXBuildFile; fileRef = B3E8DF622A15F63D0040371F /* programmable_wallet_sdk_ios_sampleApp.swift */; };
		B3E8DF652A15F63D0040371F /* ContentView.swift in Sources */ = {isa = PBXBuildFile; fileRef = B3E8DF642A15F63D0040371F /* ContentView.swift */; };
		B3E8DF672A15F63F0040371F /* Assets.xcassets in Resources */ = {isa = PBXBuildFile; fileRef = B3E8DF662A15F63F0040371F /* Assets.xcassets */; };
		B3E8DF6A2A15F63F0040371F /* Preview Assets.xcassets in Resources */ = {isa = PBXBuildFile; fileRef = B3E8DF692A15F63F0040371F /* Preview Assets.xcassets */; };
		E8EDA6AB69F3E3B79F7925D3 /* Pods_programmable_wallet_sdk_ios_sample.framework in Frameworks */ = {isa = PBXBuildFile; fileRef = D07C469EBAE94E618DBBFCE9 /* Pods_programmable_wallet_sdk_ios_sample.framework */; };
/* End PBXBuildFile section */

/* Begin PBXFileReference section */
		B3E8DF5F2A15F63D0040371F /* programmable-wallet-sdk-ios-sample.app */ = {isa = PBXFileReference; explicitFileType = wrapper.application; includeInIndex = 0; path = "programmable-wallet-sdk-ios-sample.app"; sourceTree = BUILT_PRODUCTS_DIR; };
		B3E8DF622A15F63D0040371F /* programmable_wallet_sdk_ios_sampleApp.swift */ = {isa = PBXFileReference; lastKnownFileType = sourcecode.swift; path = programmable_wallet_sdk_ios_sampleApp.swift; sourceTree = "<group>"; };
		B3E8DF642A15F63D0040371F /* ContentView.swift */ = {isa = PBXFileReference; lastKnownFileType = sourcecode.swift; path = ContentView.swift; sourceTree = "<group>"; };
		B3E8DF662A15F63F0040371F /* Assets.xcassets */ = {isa = PBXFileReference; lastKnownFileType = folder.assetcatalog; path = Assets.xcassets; sourceTree = "<group>"; };
		B3E8DF692A15F63F0040371F /* Preview Assets.xcassets */ = {isa = PBXFileReference; lastKnownFileType = folder.assetcatalog; path = "Preview Assets.xcassets"; sourceTree = "<group>"; };
		B439E52E3B22DC083AD67A6A /* Pods-programmable-wallet-sdk-ios-sample.debug.xcconfig */ = {isa = PBXFileReference; includeInIndex = 1; lastKnownFileType = text.xcconfig; name = "Pods-programmable-wallet-sdk-ios-sample.debug.xcconfig"; path = "Target Support Files/Pods-programmable-wallet-sdk-ios-sample/Pods-programmable-wallet-sdk-ios-sample.debug.xcconfig"; sourceTree = "<group>"; };
		CDFEFF2A14EDA74EF8E4D786 /* Pods-programmable-wallet-sdk-ios-sample.release.xcconfig */ = {isa = PBXFileReference; includeInIndex = 1; lastKnownFileType = text.xcconfig; name = "Pods-programmable-wallet-sdk-ios-sample.release.xcconfig"; path = "Target Support Files/Pods-programmable-wallet-sdk-ios-sample/Pods-programmable-wallet-sdk-ios-sample.release.xcconfig"; sourceTree = "<group>"; };
		D07C469EBAE94E618DBBFCE9 /* Pods_programmable_wallet_sdk_ios_sample.framework */ = {isa = PBXFileReference; explicitFileType = wrapper.framework; includeInIndex = 0; path = Pods_programmable_wallet_sdk_ios_sample.framework; sourceTree = BUILT_PRODUCTS_DIR; };
/* End PBXFileReference section */

/* Begin PBXFrameworksBuildPhase section */
		B3E8DF5C2A15F63D0040371F /* Frameworks */ = {
			isa = PBXFrameworksBuildPhase;
			buildActionMask = 2147483647;
			files = (
				E8EDA6AB69F3E3B79F7925D3 /* Pods_programmable_wallet_sdk_ios_sample.framework in Frameworks */,
			);
			runOnlyForDeploymentPostprocessing = 0;
		};
/* End PBXFrameworksBuildPhase section */

/* Begin PBXGroup section */
		3C8C9A6A3E53BC3A340314C8 /* Frameworks */ = {
			isa = PBXGroup;
			children = (
				D07C469EBAE94E618DBBFCE9 /* Pods_programmable_wallet_sdk_ios_sample.framework */,
			);
			name = Frameworks;
			sourceTree = "<group>";
		};
		62950660B04340A76AF89572 /* Pods */ = {
			isa = PBXGroup;
			children = (
				B439E52E3B22DC083AD67A6A /* Pods-programmable-wallet-sdk-ios-sample.debug.xcconfig */,
				CDFEFF2A14EDA74EF8E4D786 /* Pods-programmable-wallet-sdk-ios-sample.release.xcconfig */,
			);
			name = Pods;
			path = Pods;
			sourceTree = "<group>";
		};
		B3E8DF562A15F63D0040371F = {
			isa = PBXGroup;
			children = (
				B3E8DF612A15F63D0040371F /* programmable-wallet-sdk-ios-sample */,
				B3E8DF602A15F63D0040371F /* Products */,
				62950660B04340A76AF89572 /* Pods */,
				3C8C9A6A3E53BC3A340314C8 /* Frameworks */,
			);
			sourceTree = "<group>";
		};
		B3E8DF602A15F63D0040371F /* Products */ = {
			isa = PBXGroup;
			children = (
				B3E8DF5F2A15F63D0040371F /* programmable-wallet-sdk-ios-sample.app */,
			);
			name = Products;
			sourceTree = "<group>";
		};
		B3E8DF612A15F63D0040371F /* programmable-wallet-sdk-ios-sample */ = {
			isa = PBXGroup;
			children = (
				B3E8DF622A15F63D0040371F /* programmable_wallet_sdk_ios_sampleApp.swift */,
				B3E8DF642A15F63D0040371F /* ContentView.swift */,
				B3E8DF662A15F63F0040371F /* Assets.xcassets */,
				B3E8DF682A15F63F0040371F /* Preview Content */,
			);
			path = "programmable-wallet-sdk-ios-sample";
			sourceTree = "<group>";
		};
		B3E8DF682A15F63F0040371F /* Preview Content */ = {
			isa = PBXGroup;
			children = (
				B3E8DF692A15F63F0040371F /* Preview Assets.xcassets */,
			);
			path = "Preview Content";
			sourceTree = "<group>";
		};
/* End PBXGroup section */

/* Begin PBXNativeTarget section */
		B3E8DF5E2A15F63D0040371F /* programmable-wallet-sdk-ios-sample */ = {
			isa = PBXNativeTarget;
			buildConfigurationList = B3E8DF6D2A15F63F0040371F /* Build configuration list for PBXNativeTarget "programmable-wallet-sdk-ios-sample" */;
			buildPhases = (
				C2446DBF7D000B44FDE4318B /* [CP] Check Pods Manifest.lock */,
				B3E8DF5B2A15F63D0040371F /* Sources */,
				B3E8DF5C2A15F63D0040371F /* Frameworks */,
				B3E8DF5D2A15F63D0040371F /* Resources */,
				8BC12D7875675D225DA22D8F /* [CP] Embed Pods Frameworks */,
				BC96A7145638BC3DCAC1381D /* [CP] Copy Pods Resources */,
			);
			buildRules = (
			);
			dependencies = (
			);
			name = "programmable-wallet-sdk-ios-sample";
			productName = "programmable-wallet-sdk-ios-sample";
			productReference = B3E8DF5F2A15F63D0040371F /* programmable-wallet-sdk-ios-sample.app */;
			productType = "com.apple.product-type.application";
		};
/* End PBXNativeTarget section */

/* Begin PBXProject section */
		B3E8DF572A15F63D0040371F /* Project object */ = {
			isa = PBXProject;
			attributes = {
				BuildIndependentTargetsInParallel = 1;
				LastSwiftUpdateCheck = 1410;
				LastUpgradeCheck = 1410;
				TargetAttributes = {
					B3E8DF5E2A15F63D0040371F = {
						CreatedOnToolsVersion = 14.1;
					};
				};
			};
			buildConfigurationList = B3E8DF5A2A15F63D0040371F /* Build configuration list for PBXProject "programmable-wallet-sdk-ios-sample" */;
			compatibilityVersion = "Xcode 14.0";
			developmentRegion = en;
			hasScannedForEncodings = 0;
			knownRegions = (
				en,
				Base,
			);
			mainGroup = B3E8DF562A15F63D0040371F;
			productRefGroup = B3E8DF602A15F63D0040371F /* Products */;
			projectDirPath = "";
			projectRoot = "";
			targets = (
				B3E8DF5E2A15F63D0040371F /* programmable-wallet-sdk-ios-sample */,
			);
		};
/* End PBXProject section */

/* Begin PBXResourcesBuildPhase section */
		B3E8DF5D2A15F63D0040371F /* Resources */ = {
			isa = PBXResourcesBuildPhase;
			buildActionMask = 2147483647;
			files = (
				B3E8DF6A2A15F63F0040371F /* Preview Assets.xcassets in Resources */,
				B3E8DF672A15F63F0040371F /* Assets.xcassets in Resources */,
			);
			runOnlyForDeploymentPostprocessing = 0;
		};
/* End PBXResourcesBuildPhase section */

/* Begin PBXShellScriptBuildPhase section */
		8BC12D7875675D225DA22D8F /* [CP] Embed Pods Frameworks */ = {
			isa = PBXShellScriptBuildPhase;
			buildActionMask = 2147483647;
			files = (
			);
			inputFileListPaths = (
				"${PODS_ROOT}/Target Support Files/Pods-programmable-wallet-sdk-ios-sample/Pods-programmable-wallet-sdk-ios-sample-frameworks-${CONFIGURATION}-input-files.xcfilelist",
			);
			name = "[CP] Embed Pods Frameworks";
			outputFileListPaths = (
				"${PODS_ROOT}/Target Support Files/Pods-programmable-wallet-sdk-ios-sample/Pods-programmable-wallet-sdk-ios-sample-frameworks-${CONFIGURATION}-output-files.xcfilelist",
			);
			runOnlyForDeploymentPostprocessing = 0;
			shellPath = /bin/sh;
			shellScript = "\"${PODS_ROOT}/Target Support Files/Pods-programmable-wallet-sdk-ios-sample/Pods-programmable-wallet-sdk-ios-sample-frameworks.sh\"\n";
			showEnvVarsInLog = 0;
		};
		BC96A7145638BC3DCAC1381D /* [CP] Copy Pods Resources */ = {
			isa = PBXShellScriptBuildPhase;
			buildActionMask = 2147483647;
			files = (
			);
			inputFileListPaths = (
				"${PODS_ROOT}/Target Support Files/Pods-programmable-wallet-sdk-ios-sample/Pods-programmable-wallet-sdk-ios-sample-resources-${CONFIGURATION}-input-files.xcfilelist",
			);
			name = "[CP] Copy Pods Resources";
			outputFileListPaths = (
				"${PODS_ROOT}/Target Support Files/Pods-programmable-wallet-sdk-ios-sample/Pods-programmable-wallet-sdk-ios-sample-resources-${CONFIGURATION}-output-files.xcfilelist",
			);
			runOnlyForDeploymentPostprocessing = 0;
			shellPath = /bin/sh;
			shellScript = "\"${PODS_ROOT}/Target Support Files/Pods-programmable-wallet-sdk-ios-sample/Pods-programmable-wallet-sdk-ios-sample-resources.sh\"\n";
			showEnvVarsInLog = 0;
		};
		C2446DBF7D000B44FDE4318B /* [CP] Check Pods Manifest.lock */ = {
			isa = PBXShellScriptBuildPhase;
			buildActionMask = 2147483647;
			files = (
			);
			inputFileListPaths = (
			);
			inputPaths = (
				"${PODS_PODFILE_DIR_PATH}/Podfile.lock",
				"${PODS_ROOT}/Manifest.lock",
			);
			name = "[CP] Check Pods Manifest.lock";
			outputFileListPaths = (
			);
			outputPaths = (
				"$(DERIVED_FILE_DIR)/Pods-programmable-wallet-sdk-ios-sample-checkManifestLockResult.txt",
			);
			runOnlyForDeploymentPostprocessing = 0;
			shellPath = /bin/sh;
			shellScript = "diff \"${PODS_PODFILE_DIR_PATH}/Podfile.lock\" \"${PODS_ROOT}/Manifest.lock\" > /dev/null\nif [ $? != 0 ] ; then\n    # print error to STDERR\n    echo \"error: The sandbox is not in sync with the Podfile.lock. Run 'pod install' or update your CocoaPods installation.\" >&2\n    exit 1\nfi\n# This output is used by Xcode 'outputs' to avoid re-running this script phase.\necho \"SUCCESS\" > \"${SCRIPT_OUTPUT_FILE_0}\"\n";
			showEnvVarsInLog = 0;
		};
/* End PBXShellScriptBuildPhase section */

/* Begin PBXSourcesBuildPhase section */
		B3E8DF5B2A15F63D0040371F /* Sources */ = {
			isa = PBXSourcesBuildPhase;
			buildActionMask = 2147483647;
			files = (
				B3E8DF652A15F63D0040371F /* ContentView.swift in Sources */,
				B3E8DF632A15F63D0040371F /* programmable_wallet_sdk_ios_sampleApp.swift in Sources */,
			);
			runOnlyForDeploymentPostprocessing = 0;
		};
/* End PBXSourcesBuildPhase section */

/* Begin XCBuildConfiguration section */
		B3E8DF6B2A15F63F0040371F /* Debug */ = {
			isa = XCBuildConfiguration;
			buildSettings = {
				ALWAYS_SEARCH_USER_PATHS = NO;
				CLANG_ANALYZER_NONNULL = YES;
				CLANG_ANALYZER_NUMBER_OBJECT_CONVERSION = YES_AGGRESSIVE;
				CLANG_CXX_LANGUAGE_STANDARD = "gnu++20";
				CLANG_ENABLE_MODULES = YES;
				CLANG_ENABLE_OBJC_ARC = YES;
				CLANG_ENABLE_OBJC_WEAK = YES;
				CLANG_WARN_BLOCK_CAPTURE_AUTORELEASING = YES;
				CLANG_WARN_BOOL_CONVERSION = YES;
				CLANG_WARN_COMMA = YES;
				CLANG_WARN_CONSTANT_CONVERSION = YES;
				CLANG_WARN_DEPRECATED_OBJC_IMPLEMENTATIONS = YES;
				CLANG_WARN_DIRECT_OBJC_ISA_USAGE = YES_ERROR;
				CLANG_WARN_DOCUMENTATION_COMMENTS = YES;
				CLANG_WARN_EMPTY_BODY = YES;
				CLANG_WARN_ENUM_CONVERSION = YES;
				CLANG_WARN_INFINITE_RECURSION = YES;
				CLANG_WARN_INT_CONVERSION = YES;
				CLANG_WARN_NON_LITERAL_NULL_CONVERSION = YES;
				CLANG_WARN_OBJC_IMPLICIT_RETAIN_SELF = YES;
				CLANG_WARN_OBJC_LITERAL_CONVERSION = YES;
				CLANG_WARN_OBJC_ROOT_CLASS = YES_ERROR;
				CLANG_WARN_QUOTED_INCLUDE_IN_FRAMEWORK_HEADER = YES;
				CLANG_WARN_RANGE_LOOP_ANALYSIS = YES;
				CLANG_WARN_STRICT_PROTOTYPES = YES;
				CLANG_WARN_SUSPICIOUS_MOVE = YES;
				CLANG_WARN_UNGUARDED_AVAILABILITY = YES_AGGRESSIVE;
				CLANG_WARN_UNREACHABLE_CODE = YES;
				CLANG_WARN__DUPLICATE_METHOD_MATCH = YES;
				COPY_PHASE_STRIP = NO;
				DEBUG_INFORMATION_FORMAT = dwarf;
				ENABLE_STRICT_OBJC_MSGSEND = YES;
				ENABLE_TESTABILITY = YES;
				GCC_C_LANGUAGE_STANDARD = gnu11;
				GCC_DYNAMIC_NO_PIC = NO;
				GCC_NO_COMMON_BLOCKS = YES;
				GCC_OPTIMIZATION_LEVEL = 0;
				GCC_PREPROCESSOR_DEFINITIONS = (
					"DEBUG=1",
					"$(inherited)",
				);
				GCC_WARN_64_TO_32_BIT_CONVERSION = YES;
				GCC_WARN_ABOUT_RETURN_TYPE = YES_ERROR;
				GCC_WARN_UNDECLARED_SELECTOR = YES;
				GCC_WARN_UNINITIALIZED_AUTOS = YES_AGGRESSIVE;
				GCC_WARN_UNUSED_FUNCTION = YES;
				GCC_WARN_UNUSED_VARIABLE = YES;
				IPHONEOS_DEPLOYMENT_TARGET = 16.1;
				MTL_ENABLE_DEBUG_INFO = INCLUDE_SOURCE;
				MTL_FAST_MATH = YES;
				ONLY_ACTIVE_ARCH = YES;
				SDKROOT = iphoneos;
				SWIFT_ACTIVE_COMPILATION_CONDITIONS = DEBUG;
				SWIFT_OPTIMIZATION_LEVEL = "-Onone";
			};
			name = Debug;
		};
		B3E8DF6C2A15F63F0040371F /* Release */ = {
			isa = XCBuildConfiguration;
			buildSettings = {
				ALWAYS_SEARCH_USER_PATHS = NO;
				CLANG_ANALYZER_NONNULL = YES;
				CLANG_ANALYZER_NUMBER_OBJECT_CONVERSION = YES_AGGRESSIVE;
				CLANG_CXX_LANGUAGE_STANDARD = "gnu++20";
				CLANG_ENABLE_MODULES = YES;
				CLANG_ENABLE_OBJC_ARC = YES;
				CLANG_ENABLE_OBJC_WEAK = YES;
				CLANG_WARN_BLOCK_CAPTURE_AUTORELEASING = YES;
				CLANG_WARN_BOOL_CONVERSION = YES;
				CLANG_WARN_COMMA = YES;
				CLANG_WARN_CONSTANT_CONVERSION = YES;
				CLANG_WARN_DEPRECATED_OBJC_IMPLEMENTATIONS = YES;
				CLANG_WARN_DIRECT_OBJC_ISA_USAGE = YES_ERROR;
				CLANG_WARN_DOCUMENTATION_COMMENTS = YES;
				CLANG_WARN_EMPTY_BODY = YES;
				CLANG_WARN_ENUM_CONVERSION = YES;
				CLANG_WARN_INFINITE_RECURSION = YES;
				CLANG_WARN_INT_CONVERSION = YES;
				CLANG_WARN_NON_LITERAL_NULL_CONVERSION = YES;
				CLANG_WARN_OBJC_IMPLICIT_RETAIN_SELF = YES;
				CLANG_WARN_OBJC_LITERAL_CONVERSION = YES;
				CLANG_WARN_OBJC_ROOT_CLASS = YES_ERROR;
				CLANG_WARN_QUOTED_INCLUDE_IN_FRAMEWORK_HEADER = YES;
				CLANG_WARN_RANGE_LOOP_ANALYSIS = YES;
				CLANG_WARN_STRICT_PROTOTYPES = YES;
				CLANG_WARN_SUSPICIOUS_MOVE = YES;
				CLANG_WARN_UNGUARDED_AVAILABILITY = YES_AGGRESSIVE;
				CLANG_WARN_UNREACHABLE_CODE = YES;
				CLANG_WARN__DUPLICATE_METHOD_MATCH = YES;
				COPY_PHASE_STRIP = NO;
				DEBUG_INFORMATION_FORMAT = "dwarf-with-dsym";
				ENABLE_NS_ASSERTIONS = NO;
				ENABLE_STRICT_OBJC_MSGSEND = YES;
				GCC_C_LANGUAGE_STANDARD = gnu11;
				GCC_NO_COMMON_BLOCKS = YES;
				GCC_WARN_64_TO_32_BIT_CONVERSION = YES;
				GCC_WARN_ABOUT_RETURN_TYPE = YES_ERROR;
				GCC_WARN_UNDECLARED_SELECTOR = YES;
				GCC_WARN_UNINITIALIZED_AUTOS = YES_AGGRESSIVE;
				GCC_WARN_UNUSED_FUNCTION = YES;
				GCC_WARN_UNUSED_VARIABLE = YES;
				IPHONEOS_DEPLOYMENT_TARGET = 16.1;
				MTL_ENABLE_DEBUG_INFO = NO;
				MTL_FAST_MATH = YES;
				SDKROOT = iphoneos;
				SWIFT_COMPILATION_MODE = wholemodule;
				SWIFT_OPTIMIZATION_LEVEL = "-O";
				VALIDATE_PRODUCT = YES;
			};
			name = Release;
		};
		B3E8DF6E2A15F63F0040371F /* Debug */ = {
			isa = XCBuildConfiguration;
			baseConfigurationReference = B439E52E3B22DC083AD67A6A /* Pods-programmable-wallet-sdk-ios-sample.debug.xcconfig */;
			buildSettings = {
				ASSETCATALOG_COMPILER_APPICON_NAME = AppIcon;
				ASSETCATALOG_COMPILER_GLOBAL_ACCENT_COLOR_NAME = AccentColor;
				CODE_SIGN_STYLE = Automatic;
				CURRENT_PROJECT_VERSION = 1;
				DEVELOPMENT_ASSET_PATHS = "\"programmable-wallet-sdk-ios-sample/Preview Content\"";
				ENABLE_PREVIEWS = YES;
				GENERATE_INFOPLIST_FILE = YES;
				INFOPLIST_KEY_UIApplicationSceneManifest_Generation = YES;
				INFOPLIST_KEY_UIApplicationSupportsIndirectInputEvents = YES;
				INFOPLIST_KEY_UILaunchScreen_Generation = YES;
				INFOPLIST_KEY_UISupportedInterfaceOrientations_iPad = "UIInterfaceOrientationPortrait UIInterfaceOrientationPortraitUpsideDown UIInterfaceOrientationLandscapeLeft UIInterfaceOrientationLandscapeRight";
				INFOPLIST_KEY_UISupportedInterfaceOrientations_iPhone = "UIInterfaceOrientationPortrait UIInterfaceOrientationLandscapeLeft UIInterfaceOrientationLandscapeRight";
				LD_RUNPATH_SEARCH_PATHS = (
					"$(inherited)",
					"@executable_path/Frameworks",
				);
				MARKETING_VERSION = 1.0;
				PRODUCT_BUNDLE_IDENTIFIER = "com.circle.programmable-wallet-sdk-ios-sample";
				PRODUCT_NAME = "$(TARGET_NAME)";
				SWIFT_EMIT_LOC_STRINGS = YES;
				SWIFT_VERSION = 5.0;
				TARGETED_DEVICE_FAMILY = "1,2";
			};
			name = Debug;
		};
		B3E8DF6F2A15F63F0040371F /* Release */ = {
			isa = XCBuildConfiguration;
			baseConfigurationReference = CDFEFF2A14EDA74EF8E4D786 /* Pods-programmable-wallet-sdk-ios-sample.release.xcconfig */;
			buildSettings = {
				ASSETCATALOG_COMPILER_APPICON_NAME = AppIcon;
				ASSETCATALOG_COMPILER_GLOBAL_ACCENT_COLOR_NAME = AccentColor;
				CODE_SIGN_STYLE = Automatic;
				CURRENT_PROJECT_VERSION = 1;
				DEVELOPMENT_ASSET_PATHS = "\"programmable-wallet-sdk-ios-sample/Preview Content\"";
				ENABLE_PREVIEWS = YES;
				GENERATE_INFOPLIST_FILE = YES;
				INFOPLIST_KEY_UIApplicationSceneManifest_Generation = YES;
				INFOPLIST_KEY_UIApplicationSupportsIndirectInputEvents = YES;
				INFOPLIST_KEY_UILaunchScreen_Generation = YES;
				INFOPLIST_KEY_UISupportedInterfaceOrientations_iPad = "UIInterfaceOrientationPortrait UIInterfaceOrientationPortraitUpsideDown UIInterfaceOrientationLandscapeLeft UIInterfaceOrientationLandscapeRight";
				INFOPLIST_KEY_UISupportedInterfaceOrientations_iPhone = "UIInterfaceOrientationPortrait UIInterfaceOrientationLandscapeLeft UIInterfaceOrientationLandscapeRight";
				LD_RUNPATH_SEARCH_PATHS = (
					"$(inherited)",
					"@executable_path/Frameworks",
				);
				MARKETING_VERSION = 1.0;
				PRODUCT_BUNDLE_IDENTIFIER = "com.circle.programmable-wallet-sdk-ios-sample";
				PRODUCT_NAME = "$(TARGET_NAME)";
				SWIFT_EMIT_LOC_STRINGS = YES;
				SWIFT_VERSION = 5.0;
				TARGETED_DEVICE_FAMILY = "1,2";
			};
			name = Release;
		};
/* End XCBuildConfiguration section */

/* Begin XCConfigurationList section */
		B3E8DF5A2A15F63D0040371F /* Build configuration list for PBXProject "programmable-wallet-sdk-ios-sample" */ = {
			isa = XCConfigurationList;
			buildConfigurations = (
				B3E8DF6B2A15F63F0040371F /* Debug */,
				B3E8DF6C2A15F63F0040371F /* Release */,
			);
			defaultConfigurationIsVisible = 0;
			defaultConfigurationName = Release;
		};
		B3E8DF6D2A15F63F0040371F /* Build configuration list for PBXNativeTarget "programmable-wallet-sdk-ios-sample" */ = {
			isa = XCConfigurationList;
			buildConfigurations = (
				B3E8DF6E2A15F63F0040371F /* Debug */,
				B3E8DF6F2A15F63F0040371F /* Release */,
			);
			defaultConfigurationIsVisible = 0;
			defaultConfigurationName = Release;
		};
/* End XCConfigurationList section */
	};
	rootObject = B3E8DF572A15F63D0040371F /* Project object */;
}
